// !$*UTF8*$!
{
	archiveVersion = 1;
	classes = {
	};
	objectVersion = 50;
	objects = {

/* Begin PBXBuildFile section */
		646AF8C8229B8B0B003B1B80 /* AppDelegate.swift in Sources */ = {isa = PBXBuildFile; fileRef = 646AF8C7229B8B0B003B1B80 /* AppDelegate.swift */; };
		646AF8CA229B8B0D003B1B80 /* art.scnassets in Resources */ = {isa = PBXBuildFile; fileRef = 646AF8C9229B8B0D003B1B80 /* art.scnassets */; };
		646AF8CC229B8B0D003B1B80 /* ViewController.swift in Sources */ = {isa = PBXBuildFile; fileRef = 646AF8CB229B8B0D003B1B80 /* ViewController.swift */; };
		646AF8CF229B8B0D003B1B80 /* Main.storyboard in Resources */ = {isa = PBXBuildFile; fileRef = 646AF8CD229B8B0D003B1B80 /* Main.storyboard */; };
		646AF8D1229B8B47003B1B80 /* Assets.xcassets in Resources */ = {isa = PBXBuildFile; fileRef = 646AF8D0229B8B47003B1B80 /* Assets.xcassets */; };
		646AF8D4229B8B47003B1B80 /* LaunchScreen.storyboard in Resources */ = {isa = PBXBuildFile; fileRef = 646AF8D2229B8B47003B1B80 /* LaunchScreen.storyboard */; };
		646AF8DF229B8B48003B1B80 /* AWS_testTests.swift in Sources */ = {isa = PBXBuildFile; fileRef = 646AF8DE229B8B48003B1B80 /* AWS_testTests.swift */; };
		646AF8EA229B8B49003B1B80 /* AWS_testUITests.swift in Sources */ = {isa = PBXBuildFile; fileRef = 646AF8E9229B8B49003B1B80 /* AWS_testUITests.swift */; };
/* End PBXBuildFile section */

/* Begin PBXContainerItemProxy section */
		646AF8DB229B8B48003B1B80 /* PBXContainerItemProxy */ = {
			isa = PBXContainerItemProxy;
			containerPortal = 646AF8BC229B8B0A003B1B80 /* Project object */;
			proxyType = 1;
			remoteGlobalIDString = 646AF8C3229B8B0A003B1B80;
			remoteInfo = AWS_test;
		};
		646AF8E6229B8B48003B1B80 /* PBXContainerItemProxy */ = {
			isa = PBXContainerItemProxy;
			containerPortal = 646AF8BC229B8B0A003B1B80 /* Project object */;
			proxyType = 1;
			remoteGlobalIDString = 646AF8C3229B8B0A003B1B80;
			remoteInfo = AWS_test;
		};
/* End PBXContainerItemProxy section */

/* Begin PBXFileReference section */
		646AF8C4229B8B0A003B1B80 /* AWS_test.app */ = {isa = PBXFileReference; explicitFileType = wrapper.application; includeInIndex = 0; path = AWS_test.app; sourceTree = BUILT_PRODUCTS_DIR; };
		646AF8C7229B8B0B003B1B80 /* AppDelegate.swift */ = {isa = PBXFileReference; lastKnownFileType = sourcecode.swift; path = AppDelegate.swift; sourceTree = "<group>"; };
		646AF8C9229B8B0D003B1B80 /* art.scnassets */ = {isa = PBXFileReference; lastKnownFileType = wrapper.scnassets; path = art.scnassets; sourceTree = "<group>"; };
		646AF8CB229B8B0D003B1B80 /* ViewController.swift */ = {isa = PBXFileReference; lastKnownFileType = sourcecode.swift; path = ViewController.swift; sourceTree = "<group>"; };
		646AF8CE229B8B0D003B1B80 /* Base */ = {isa = PBXFileReference; lastKnownFileType = file.storyboard; name = Base; path = Base.lproj/Main.storyboard; sourceTree = "<group>"; };
		646AF8D0229B8B47003B1B80 /* Assets.xcassets */ = {isa = PBXFileReference; lastKnownFileType = folder.assetcatalog; path = Assets.xcassets; sourceTree = "<group>"; };
		646AF8D3229B8B47003B1B80 /* Base */ = {isa = PBXFileReference; lastKnownFileType = file.storyboard; name = Base; path = Base.lproj/LaunchScreen.storyboard; sourceTree = "<group>"; };
		646AF8D5229B8B47003B1B80 /* Info.plist */ = {isa = PBXFileReference; lastKnownFileType = text.plist.xml; path = Info.plist; sourceTree = "<group>"; };
		646AF8DA229B8B48003B1B80 /* AWS_testTests.xctest */ = {isa = PBXFileReference; explicitFileType = wrapper.cfbundle; includeInIndex = 0; path = AWS_testTests.xctest; sourceTree = BUILT_PRODUCTS_DIR; };
		646AF8DE229B8B48003B1B80 /* AWS_testTests.swift */ = {isa = PBXFileReference; lastKnownFileType = sourcecode.swift; path = AWS_testTests.swift; sourceTree = "<group>"; };
		646AF8E0229B8B48003B1B80 /* Info.plist */ = {isa = PBXFileReference; lastKnownFileType = text.plist.xml; path = Info.plist; sourceTree = "<group>"; };
		646AF8E5229B8B48003B1B80 /* AWS_testUITests.xctest */ = {isa = PBXFileReference; explicitFileType = wrapper.cfbundle; includeInIndex = 0; path = AWS_testUITests.xctest; sourceTree = BUILT_PRODUCTS_DIR; };
		646AF8E9229B8B49003B1B80 /* AWS_testUITests.swift */ = {isa = PBXFileReference; lastKnownFileType = sourcecode.swift; path = AWS_testUITests.swift; sourceTree = "<group>"; };
		646AF8EB229B8B49003B1B80 /* Info.plist */ = {isa = PBXFileReference; lastKnownFileType = text.plist.xml; path = Info.plist; sourceTree = "<group>"; };
/* End PBXFileReference section */

/* Begin PBXFrameworksBuildPhase section */
		646AF8C1229B8B0A003B1B80 /* Frameworks */ = {
			isa = PBXFrameworksBuildPhase;
			buildActionMask = 2147483647;
			files = (
			);
			runOnlyForDeploymentPostprocessing = 0;
		};
		646AF8D7229B8B48003B1B80 /* Frameworks */ = {
			isa = PBXFrameworksBuildPhase;
			buildActionMask = 2147483647;
			files = (
			);
			runOnlyForDeploymentPostprocessing = 0;
		};
		646AF8E2229B8B48003B1B80 /* Frameworks */ = {
			isa = PBXFrameworksBuildPhase;
			buildActionMask = 2147483647;
			files = (
			);
			runOnlyForDeploymentPostprocessing = 0;
		};
/* End PBXFrameworksBuildPhase section */

/* Begin PBXGroup section */
		646AF8BB229B8B0A003B1B80 = {
			isa = PBXGroup;
			children = (
				646AF8C6229B8B0A003B1B80 /* AWS_test */,
				646AF8DD229B8B48003B1B80 /* AWS_testTests */,
				646AF8E8229B8B48003B1B80 /* AWS_testUITests */,
				646AF8C5229B8B0A003B1B80 /* Products */,
			);
			sourceTree = "<group>";
		};
		646AF8C5229B8B0A003B1B80 /* Products */ = {
			isa = PBXGroup;
			children = (
				646AF8C4229B8B0A003B1B80 /* AWS_test.app */,
				646AF8DA229B8B48003B1B80 /* AWS_testTests.xctest */,
				646AF8E5229B8B48003B1B80 /* AWS_testUITests.xctest */,
			);
			name = Products;
			sourceTree = "<group>";
		};
		646AF8C6229B8B0A003B1B80 /* AWS_test */ = {
			isa = PBXGroup;
			children = (
				646AF8C7229B8B0B003B1B80 /* AppDelegate.swift */,
				646AF8C9229B8B0D003B1B80 /* art.scnassets */,
				646AF8CB229B8B0D003B1B80 /* ViewController.swift */,
				646AF8CD229B8B0D003B1B80 /* Main.storyboard */,
				646AF8D0229B8B47003B1B80 /* Assets.xcassets */,
				646AF8D2229B8B47003B1B80 /* LaunchScreen.storyboard */,
				646AF8D5229B8B47003B1B80 /* Info.plist */,
			);
			path = AWS_test;
			sourceTree = "<group>";
		};
		646AF8DD229B8B48003B1B80 /* AWS_testTests */ = {
			isa = PBXGroup;
			children = (
				646AF8DE229B8B48003B1B80 /* AWS_testTests.swift */,
				646AF8E0229B8B48003B1B80 /* Info.plist */,
			);
			path = AWS_testTests;
			sourceTree = "<group>";
		};
		646AF8E8229B8B48003B1B80 /* AWS_testUITests */ = {
			isa = PBXGroup;
			children = (
				646AF8E9229B8B49003B1B80 /* AWS_testUITests.swift */,
				646AF8EB229B8B49003B1B80 /* Info.plist */,
			);
			path = AWS_testUITests;
			sourceTree = "<group>";
		};
/* End PBXGroup section */

/* Begin PBXNativeTarget section */
		646AF8C3229B8B0A003B1B80 /* AWS_test */ = {
			isa = PBXNativeTarget;
			buildConfigurationList = 646AF8EE229B8B49003B1B80 /* Build configuration list for PBXNativeTarget "AWS_test" */;
			buildPhases = (
				646AF8C0229B8B0A003B1B80 /* Sources */,
				646AF8C1229B8B0A003B1B80 /* Frameworks */,
				646AF8C2229B8B0A003B1B80 /* Resources */,
			);
			buildRules = (
			);
			dependencies = (
			);
			name = AWS_test;
			productName = AWS_test;
			productReference = 646AF8C4229B8B0A003B1B80 /* AWS_test.app */;
			productType = "com.apple.product-type.application";
		};
		646AF8D9229B8B48003B1B80 /* AWS_testTests */ = {
			isa = PBXNativeTarget;
			buildConfigurationList = 646AF8F1229B8B49003B1B80 /* Build configuration list for PBXNativeTarget "AWS_testTests" */;
			buildPhases = (
				646AF8D6229B8B48003B1B80 /* Sources */,
				646AF8D7229B8B48003B1B80 /* Frameworks */,
				646AF8D8229B8B48003B1B80 /* Resources */,
			);
			buildRules = (
			);
			dependencies = (
				646AF8DC229B8B48003B1B80 /* PBXTargetDependency */,
			);
			name = AWS_testTests;
			productName = AWS_testTests;
			productReference = 646AF8DA229B8B48003B1B80 /* AWS_testTests.xctest */;
			productType = "com.apple.product-type.bundle.unit-test";
		};
		646AF8E4229B8B48003B1B80 /* AWS_testUITests */ = {
			isa = PBXNativeTarget;
			buildConfigurationList = 646AF8F4229B8B49003B1B80 /* Build configuration list for PBXNativeTarget "AWS_testUITests" */;
			buildPhases = (
				646AF8E1229B8B48003B1B80 /* Sources */,
				646AF8E2229B8B48003B1B80 /* Frameworks */,
				646AF8E3229B8B48003B1B80 /* Resources */,
			);
			buildRules = (
			);
			dependencies = (
				646AF8E7229B8B48003B1B80 /* PBXTargetDependency */,
			);
			name = AWS_testUITests;
			productName = AWS_testUITests;
			productReference = 646AF8E5229B8B48003B1B80 /* AWS_testUITests.xctest */;
			productType = "com.apple.product-type.bundle.ui-testing";
		};
/* End PBXNativeTarget section */

/* Begin PBXProject section */
		646AF8BC229B8B0A003B1B80 /* Project object */ = {
			isa = PBXProject;
			attributes = {
				LastSwiftUpdateCheck = 1010;
				LastUpgradeCheck = 1010;
				ORGANIZATIONNAME = GT;
				TargetAttributes = {
					646AF8C3229B8B0A003B1B80 = {
						CreatedOnToolsVersion = 10.1;
					};
					646AF8D9229B8B48003B1B80 = {
						CreatedOnToolsVersion = 10.1;
						TestTargetID = 646AF8C3229B8B0A003B1B80;
					};
					646AF8E4229B8B48003B1B80 = {
						CreatedOnToolsVersion = 10.1;
						TestTargetID = 646AF8C3229B8B0A003B1B80;
					};
				};
			};
			buildConfigurationList = 646AF8BF229B8B0A003B1B80 /* Build configuration list for PBXProject "AWS_test" */;
			compatibilityVersion = "Xcode 9.3";
			developmentRegion = en;
			hasScannedForEncodings = 0;
			knownRegions = (
				en,
				Base,
			);
			mainGroup = 646AF8BB229B8B0A003B1B80;
			productRefGroup = 646AF8C5229B8B0A003B1B80 /* Products */;
			projectDirPath = "";
			projectRoot = "";
			targets = (
				646AF8C3229B8B0A003B1B80 /* AWS_test */,
				646AF8D9229B8B48003B1B80 /* AWS_testTests */,
				646AF8E4229B8B48003B1B80 /* AWS_testUITests */,
			);
		};
/* End PBXProject section */

/* Begin PBXResourcesBuildPhase section */
		646AF8C2229B8B0A003B1B80 /* Resources */ = {
			isa = PBXResourcesBuildPhase;
			buildActionMask = 2147483647;
			files = (
				646AF8CA229B8B0D003B1B80 /* art.scnassets in Resources */,
				646AF8D4229B8B47003B1B80 /* LaunchScreen.storyboard in Resources */,
				646AF8D1229B8B47003B1B80 /* Assets.xcassets in Resources */,
				646AF8CF229B8B0D003B1B80 /* Main.storyboard in Resources */,
			);
			runOnlyForDeploymentPostprocessing = 0;
		};
		646AF8D8229B8B48003B1B80 /* Resources */ = {
			isa = PBXResourcesBuildPhase;
			buildActionMask = 2147483647;
			files = (
			);
			runOnlyForDeploymentPostprocessing = 0;
		};
		646AF8E3229B8B48003B1B80 /* Resources */ = {
			isa = PBXResourcesBuildPhase;
			buildActionMask = 2147483647;
			files = (
			);
			runOnlyForDeploymentPostprocessing = 0;
		};
/* End PBXResourcesBuildPhase section */

/* Begin PBXSourcesBuildPhase section */
		646AF8C0229B8B0A003B1B80 /* Sources */ = {
			isa = PBXSourcesBuildPhase;
			buildActionMask = 2147483647;
			files = (
				646AF8CC229B8B0D003B1B80 /* ViewController.swift in Sources */,
				646AF8C8229B8B0B003B1B80 /* AppDelegate.swift in Sources */,
			);
			runOnlyForDeploymentPostprocessing = 0;
		};
		646AF8D6229B8B48003B1B80 /* Sources */ = {
			isa = PBXSourcesBuildPhase;
			buildActionMask = 2147483647;
			files = (
				646AF8DF229B8B48003B1B80 /* AWS_testTests.swift in Sources */,
			);
			runOnlyForDeploymentPostprocessing = 0;
		};
		646AF8E1229B8B48003B1B80 /* Sources */ = {
			isa = PBXSourcesBuildPhase;
			buildActionMask = 2147483647;
			files = (
				646AF8EA229B8B49003B1B80 /* AWS_testUITests.swift in Sources */,
			);
			runOnlyForDeploymentPostprocessing = 0;
		};
/* End PBXSourcesBuildPhase section */

/* Begin PBXTargetDependency section */
		646AF8DC229B8B48003B1B80 /* PBXTargetDependency */ = {
			isa = PBXTargetDependency;
			target = 646AF8C3229B8B0A003B1B80 /* AWS_test */;
			targetProxy = 646AF8DB229B8B48003B1B80 /* PBXContainerItemProxy */;
		};
		646AF8E7229B8B48003B1B80 /* PBXTargetDependency */ = {
			isa = PBXTargetDependency;
			target = 646AF8C3229B8B0A003B1B80 /* AWS_test */;
			targetProxy = 646AF8E6229B8B48003B1B80 /* PBXContainerItemProxy */;
		};
/* End PBXTargetDependency section */

/* Begin PBXVariantGroup section */
		646AF8CD229B8B0D003B1B80 /* Main.storyboard */ = {
			isa = PBXVariantGroup;
			children = (
				646AF8CE229B8B0D003B1B80 /* Base */,
			);
			name = Main.storyboard;
			sourceTree = "<group>";
		};
		646AF8D2229B8B47003B1B80 /* LaunchScreen.storyboard */ = {
			isa = PBXVariantGroup;
			children = (
				646AF8D3229B8B47003B1B80 /* Base */,
			);
			name = LaunchScreen.storyboard;
			sourceTree = "<group>";
		};
/* End PBXVariantGroup section */

/* Begin XCBuildConfiguration section */
		646AF8EC229B8B49003B1B80 /* Debug */ = {
			isa = XCBuildConfiguration;
			buildSettings = {
				ALWAYS_SEARCH_USER_PATHS = NO;
				CLANG_ANALYZER_NONNULL = YES;
				CLANG_ANALYZER_NUMBER_OBJECT_CONVERSION = YES_AGGRESSIVE;
				CLANG_CXX_LANGUAGE_STANDARD = "gnu++14";
				CLANG_CXX_LIBRARY = "libc++";
				CLANG_ENABLE_MODULES = YES;
				CLANG_ENABLE_OBJC_ARC = YES;
				CLANG_ENABLE_OBJC_WEAK = YES;
				CLANG_WARN_BLOCK_CAPTURE_AUTORELEASING = YES;
				CLANG_WARN_BOOL_CONVERSION = YES;
				CLANG_WARN_COMMA = YES;
				CLANG_WARN_CONSTANT_CONVERSION = YES;
				CLANG_WARN_DEPRECATED_OBJC_IMPLEMENTATIONS = YES;
				CLANG_WARN_DIRECT_OBJC_ISA_USAGE = YES_ERROR;
				CLANG_WARN_DOCUMENTATION_COMMENTS = YES;
				CLANG_WARN_EMPTY_BODY = YES;
				CLANG_WARN_ENUM_CONVERSION = YES;
				CLANG_WARN_INFINITE_RECURSION = YES;
				CLANG_WARN_INT_CONVERSION = YES;
				CLANG_WARN_NON_LITERAL_NULL_CONVERSION = YES;
				CLANG_WARN_OBJC_IMPLICIT_RETAIN_SELF = YES;
				CLANG_WARN_OBJC_LITERAL_CONVERSION = YES;
				CLANG_WARN_OBJC_ROOT_CLASS = YES_ERROR;
				CLANG_WARN_RANGE_LOOP_ANALYSIS = YES;
				CLANG_WARN_STRICT_PROTOTYPES = YES;
				CLANG_WARN_SUSPICIOUS_MOVE = YES;
				CLANG_WARN_UNGUARDED_AVAILABILITY = YES_AGGRESSIVE;
				CLANG_WARN_UNREACHABLE_CODE = YES;
				CLANG_WARN__DUPLICATE_METHOD_MATCH = YES;
				CODE_SIGN_IDENTITY = "iPhone Developer";
				COPY_PHASE_STRIP = NO;
				DEBUG_INFORMATION_FORMAT = dwarf;
				ENABLE_STRICT_OBJC_MSGSEND = YES;
				ENABLE_TESTABILITY = YES;
				GCC_C_LANGUAGE_STANDARD = gnu11;
				GCC_DYNAMIC_NO_PIC = NO;
				GCC_NO_COMMON_BLOCKS = YES;
				GCC_OPTIMIZATION_LEVEL = 0;
				GCC_PREPROCESSOR_DEFINITIONS = (
					"DEBUG=1",
					"$(inherited)",
				);
				GCC_WARN_64_TO_32_BIT_CONVERSION = YES;
				GCC_WARN_ABOUT_RETURN_TYPE = YES_ERROR;
				GCC_WARN_UNDECLARED_SELECTOR = YES;
				GCC_WARN_UNINITIALIZED_AUTOS = YES_AGGRESSIVE;
				GCC_WARN_UNUSED_FUNCTION = YES;
				GCC_WARN_UNUSED_VARIABLE = YES;
				IPHONEOS_DEPLOYMENT_TARGET = 12.1;
				MTL_ENABLE_DEBUG_INFO = INCLUDE_SOURCE;
				MTL_FAST_MATH = YES;
				ONLY_ACTIVE_ARCH = YES;
				SDKROOT = iphoneos;
				SWIFT_ACTIVE_COMPILATION_CONDITIONS = DEBUG;
				SWIFT_OPTIMIZATION_LEVEL = "-Onone";
			};
			name = Debug;
		};
		646AF8ED229B8B49003B1B80 /* Release */ = {
			isa = XCBuildConfiguration;
			buildSettings = {
				ALWAYS_SEARCH_USER_PATHS = NO;
				CLANG_ANALYZER_NONNULL = YES;
				CLANG_ANALYZER_NUMBER_OBJECT_CONVERSION = YES_AGGRESSIVE;
				CLANG_CXX_LANGUAGE_STANDARD = "gnu++14";
				CLANG_CXX_LIBRARY = "libc++";
				CLANG_ENABLE_MODULES = YES;
				CLANG_ENABLE_OBJC_ARC = YES;
				CLANG_ENABLE_OBJC_WEAK = YES;
				CLANG_WARN_BLOCK_CAPTURE_AUTORELEASING = YES;
				CLANG_WARN_BOOL_CONVERSION = YES;
				CLANG_WARN_COMMA = YES;
				CLANG_WARN_CONSTANT_CONVERSION = YES;
				CLANG_WARN_DEPRECATED_OBJC_IMPLEMENTATIONS = YES;
				CLANG_WARN_DIRECT_OBJC_ISA_USAGE = YES_ERROR;
				CLANG_WARN_DOCUMENTATION_COMMENTS = YES;
				CLANG_WARN_EMPTY_BODY = YES;
				CLANG_WARN_ENUM_CONVERSION = YES;
				CLANG_WARN_INFINITE_RECURSION = YES;
				CLANG_WARN_INT_CONVERSION = YES;
				CLANG_WARN_NON_LITERAL_NULL_CONVERSION = YES;
				CLANG_WARN_OBJC_IMPLICIT_RETAIN_SELF = YES;
				CLANG_WARN_OBJC_LITERAL_CONVERSION = YES;
				CLANG_WARN_OBJC_ROOT_CLASS = YES_ERROR;
				CLANG_WARN_RANGE_LOOP_ANALYSIS = YES;
				CLANG_WARN_STRICT_PROTOTYPES = YES;
				CLANG_WARN_SUSPICIOUS_MOVE = YES;
				CLANG_WARN_UNGUARDED_AVAILABILITY = YES_AGGRESSIVE;
				CLANG_WARN_UNREACHABLE_CODE = YES;
				CLANG_WARN__DUPLICATE_METHOD_MATCH = YES;
				CODE_SIGN_IDENTITY = "iPhone Developer";
				COPY_PHASE_STRIP = NO;
				DEBUG_INFORMATION_FORMAT = "dwarf-with-dsym";
				ENABLE_NS_ASSERTIONS = NO;
				ENABLE_STRICT_OBJC_MSGSEND = YES;
				GCC_C_LANGUAGE_STANDARD = gnu11;
				GCC_NO_COMMON_BLOCKS = YES;
				GCC_WARN_64_TO_32_BIT_CONVERSION = YES;
				GCC_WARN_ABOUT_RETURN_TYPE = YES_ERROR;
				GCC_WARN_UNDECLARED_SELECTOR = YES;
				GCC_WARN_UNINITIALIZED_AUTOS = YES_AGGRESSIVE;
				GCC_WARN_UNUSED_FUNCTION = YES;
				GCC_WARN_UNUSED_VARIABLE = YES;
				IPHONEOS_DEPLOYMENT_TARGET = 12.1;
				MTL_ENABLE_DEBUG_INFO = NO;
				MTL_FAST_MATH = YES;
				SDKROOT = iphoneos;
				SWIFT_COMPILATION_MODE = wholemodule;
				SWIFT_OPTIMIZATION_LEVEL = "-O";
				VALIDATE_PRODUCT = YES;
			};
			name = Release;
		};
		646AF8EF229B8B49003B1B80 /* Debug */ = {
			isa = XCBuildConfiguration;
			buildSettings = {
				ASSETCATALOG_COMPILER_APPICON_NAME = AppIcon;
				CODE_SIGN_STYLE = Automatic;
				DEVELOPMENT_TEAM = YN3KRGST9W;
				INFOPLIST_FILE = AWS_test/Info.plist;
				LD_RUNPATH_SEARCH_PATHS = (
					"$(inherited)",
					"@executable_path/Frameworks",
				);
				PRODUCT_BUNDLE_IDENTIFIER = "-23.AWS-test";
				PRODUCT_NAME = "$(TARGET_NAME)";
				SWIFT_VERSION = 4.2;
				TARGETED_DEVICE_FAMILY = "1,2";
			};
			name = Debug;
		};
		646AF8F0229B8B49003B1B80 /* Release */ = {
			isa = XCBuildConfiguration;
			buildSettings = {
				ASSETCATALOG_COMPILER_APPICON_NAME = AppIcon;
				CODE_SIGN_STYLE = Automatic;
				DEVELOPMENT_TEAM = YN3KRGST9W;
				INFOPLIST_FILE = AWS_test/Info.plist;
				LD_RUNPATH_SEARCH_PATHS = (
					"$(inherited)",
					"@executable_path/Frameworks",
				);
				PRODUCT_BUNDLE_IDENTIFIER = "-23.AWS-test";
				PRODUCT_NAME = "$(TARGET_NAME)";
				SWIFT_VERSION = 4.2;
				TARGETED_DEVICE_FAMILY = "1,2";
			};
			name = Release;
		};
		646AF8F2229B8B49003B1B80 /* Debug */ = {
			isa = XCBuildConfiguration;
			buildSettings = {
				ALWAYS_EMBED_SWIFT_STANDARD_LIBRARIES = YES;
				BUNDLE_LOADER = "$(TEST_HOST)";
				CODE_SIGN_STYLE = Automatic;
				DEVELOPMENT_TEAM = YN3KRGST9W;
				INFOPLIST_FILE = AWS_testTests/Info.plist;
				LD_RUNPATH_SEARCH_PATHS = (
					"$(inherited)",
					"@executable_path/Frameworks",
					"@loader_path/Frameworks",
				);
				PRODUCT_BUNDLE_IDENTIFIER = "-23.AWS-testTests";
				PRODUCT_NAME = "$(TARGET_NAME)";
				SWIFT_VERSION = 4.2;
				TARGETED_DEVICE_FAMILY = "1,2";
				TEST_HOST = "$(BUILT_PRODUCTS_DIR)/AWS_test.app/AWS_test";
			};
			name = Debug;
		};
		646AF8F3229B8B49003B1B80 /* Release */ = {
			isa = XCBuildConfiguration;
			buildSettings = {
				ALWAYS_EMBED_SWIFT_STANDARD_LIBRARIES = YES;
				BUNDLE_LOADER = "$(TEST_HOST)";
				CODE_SIGN_STYLE = Automatic;
				DEVELOPMENT_TEAM = YN3KRGST9W;
				INFOPLIST_FILE = AWS_testTests/Info.plist;
				LD_RUNPATH_SEARCH_PATHS = (
					"$(inherited)",
					"@executable_path/Frameworks",
					"@loader_path/Frameworks",
				);
				PRODUCT_BUNDLE_IDENTIFIER = "-23.AWS-testTests";
				PRODUCT_NAME = "$(TARGET_NAME)";
				SWIFT_VERSION = 4.2;
				TARGETED_DEVICE_FAMILY = "1,2";
				TEST_HOST = "$(BUILT_PRODUCTS_DIR)/AWS_test.app/AWS_test";
			};
			name = Release;
		};
		646AF8F5229B8B49003B1B80 /* Debug */ = {
			isa = XCBuildConfiguration;
			buildSettings = {
				ALWAYS_EMBED_SWIFT_STANDARD_LIBRARIES = YES;
				CODE_SIGN_STYLE = Automatic;
				DEVELOPMENT_TEAM = YN3KRGST9W;
				INFOPLIST_FILE = AWS_testUITests/Info.plist;
				LD_RUNPATH_SEARCH_PATHS = (
					"$(inherited)",
					"@executable_path/Frameworks",
					"@loader_path/Frameworks",
				);
				PRODUCT_BUNDLE_IDENTIFIER = "-23.AWS-testUITests";
				PRODUCT_NAME = "$(TARGET_NAME)";
				SWIFT_VERSION = 4.2;
				TARGETED_DEVICE_FAMILY = "1,2";
				TEST_TARGET_NAME = AWS_test;
			};
			name = Debug;
		};
		646AF8F6229B8B49003B1B80 /* Release */ = {
			isa = XCBuildConfiguration;
			buildSettings = {
				ALWAYS_EMBED_SWIFT_STANDARD_LIBRARIES = YES;
				CODE_SIGN_STYLE = Automatic;
				DEVELOPMENT_TEAM = YN3KRGST9W;
				INFOPLIST_FILE = AWS_testUITests/Info.plist;
				LD_RUNPATH_SEARCH_PATHS = (
					"$(inherited)",
					"@executable_path/Frameworks",
					"@loader_path/Frameworks",
				);
				PRODUCT_BUNDLE_IDENTIFIER = "-23.AWS-testUITests";
				PRODUCT_NAME = "$(TARGET_NAME)";
				SWIFT_VERSION = 4.2;
				TARGETED_DEVICE_FAMILY = "1,2";
				TEST_TARGET_NAME = AWS_test;
			};
			name = Release;
		};
/* End XCBuildConfiguration section */

/* Begin XCConfigurationList section */
		646AF8BF229B8B0A003B1B80 /* Build configuration list for PBXProject "AWS_test" */ = {
			isa = XCConfigurationList;
			buildConfigurations = (
				646AF8EC229B8B49003B1B80 /* Debug */,
				646AF8ED229B8B49003B1B80 /* Release */,
			);
			defaultConfigurationIsVisible = 0;
			defaultConfigurationName = Release;
		};
		646AF8EE229B8B49003B1B80 /* Build configuration list for PBXNativeTarget "AWS_test" */ = {
			isa = XCConfigurationList;
			buildConfigurations = (
				646AF8EF229B8B49003B1B80 /* Debug */,
				646AF8F0229B8B49003B1B80 /* Release */,
			);
			defaultConfigurationIsVisible = 0;
			defaultConfigurationName = Release;
		};
		646AF8F1229B8B49003B1B80 /* Build configuration list for PBXNativeTarget "AWS_testTests" */ = {
			isa = XCConfigurationList;
			buildConfigurations = (
				646AF8F2229B8B49003B1B80 /* Debug */,
				646AF8F3229B8B49003B1B80 /* Release */,
			);
			defaultConfigurationIsVisible = 0;
			defaultConfigurationName = Release;
		};
		646AF8F4229B8B49003B1B80 /* Build configuration list for PBXNativeTarget "AWS_testUITests" */ = {
			isa = XCConfigurationList;
			buildConfigurations = (
				646AF8F5229B8B49003B1B80 /* Debug */,
				646AF8F6229B8B49003B1B80 /* Release */,
			);
			defaultConfigurationIsVisible = 0;
			defaultConfigurationName = Release;
		};
/* End XCConfigurationList section */
	};
	rootObject = 646AF8BC229B8B0A003B1B80 /* Project object */;
}
